
Microsoft Visual Studio Solution File, Format Version 12.00
# Visual Studio Version 17
VisualStudioVersion = 17.5.33502.453
MinimumVisualStudioVersion = 10.0.40219.1
Project("{FAE04EC0-301F-11D3-BF4B-00C04F79EFBC}") = "BlazorAppBenchmark.Server", "Server\BlazorAppBenchmark.Server.csproj", "{B39076A3-4788-42AE-9C99-CF4E36E55BC0}"
EndProject
Project("{FAE04EC0-301F-11D3-BF4B-00C04F79EFBC}") = "BlazorAppBenchmark.Client", "Client\BlazorAppBenchmark.Client.csproj", "{C3B0AA07-7232-4147-805A-68D6E1748A69}"
EndProject
Project("{FAE04EC0-301F-11D3-BF4B-00C04F79EFBC}") = "BlazorAppBenchmark.Shared", "Shared\BlazorAppBenchmark.Shared.csproj", "{089D4E70-08AB-4AB4-9BEF-475FC1F27D03}"
EndProject
Global
	GlobalSection(SolutionConfigurationPlatforms) = preSolution
		Debug|Any CPU = Debug|Any CPU
		Release|Any CPU = Release|Any CPU
	EndGlobalSection
	GlobalSection(ProjectConfigurationPlatforms) = postSolution
		{B39076A3-4788-42AE-9C99-CF4E36E55BC0}.Debug|Any CPU.ActiveCfg = Debug|Any CPU
		{B39076A3-4788-42AE-9C99-CF4E36E55BC0}.Debug|Any CPU.Build.0 = Debug|Any CPU
		{B39076A3-4788-42AE-9C99-CF4E36E55BC0}.Release|Any CPU.ActiveCfg = Release|Any CPU
		{B39076A3-4788-42AE-9C99-CF4E36E55BC0}.Release|Any CPU.Build.0 = Release|Any CPU
		{C3B0AA07-7232-4147-805A-68D6E1748A69}.Debug|Any CPU.ActiveCfg = Debug|Any CPU
		{C3B0AA07-7232-4147-805A-68D6E1748A69}.Debug|Any CPU.Build.0 = Debug|Any CPU
		{C3B0AA07-7232-4147-805A-68D6E1748A69}.Release|Any CPU.ActiveCfg = Release|Any CPU
		{C3B0AA07-7232-4147-805A-68D6E1748A69}.Release|Any CPU.Build.0 = Release|Any CPU
		{089D4E70-08AB-4AB4-9BEF-475FC1F27D03}.Debug|Any CPU.ActiveCfg = Debug|Any CPU
		{089D4E70-08AB-4AB4-9BEF-475FC1F27D03}.Debug|Any CPU.Build.0 = Debug|Any CPU
		{089D4E70-08AB-4AB4-9BEF-475FC1F27D03}.Release|Any CPU.ActiveCfg = Release|Any CPU
		{089D4E70-08AB-4AB4-9BEF-475FC1F27D03}.Release|Any CPU.Build.0 = Release|Any CPU
	EndGlobalSection
	GlobalSection(SolutionProperties) = preSolution
		HideSolutionNode = FALSE
	EndGlobalSection
	GlobalSection(ExtensibilityGlobals) = postSolution
		SolutionGuid = {0F03660B-86F8-4632-9A58-8453D92B333E}
	EndGlobalSection
EndGlobal
